<?xml version="1.0" encoding="utf-8"?>
<Project ToolsVersion="4.0" xmlns="http://schemas.microsoft.com/developer/msbuild/2003">
  <ItemGroup>
    <Filter Include="Source Files">
      <UniqueIdentifier>{93f68fc4-415a-4f86-9aef-6121aecb762a}</UniqueIdentifier>
      <Extensions>cpp;c;cxx;rc;def;r;odl;idl;hpj;bat</Extensions>
    </Filter>
    <Filter Include="Header Files">
      <UniqueIdentifier>{8d51af92-9e30-4556-84af-0457748d126e}</UniqueIdentifier>
      <Extensions>h;hpp;hxx;hm;inl</Extensions>
    </Filter>
    <Filter Include="Support Files">
      <UniqueIdentifier>{5aca906a-3deb-4846-9182-9a782f31d7f0}</UniqueIdentifier>
      <Extensions>*.cpp;*.h</Extensions>
    </Filter>
    <Filter Include="Resource Files">
      <UniqueIdentifier>{cffbe49d-32ee-4d1e-9e92-87ccb74d2f9e}</UniqueIdentifier>
      <Extensions>ico;cur;bmp;dlg;rc2;rct;bin;rgs;gif;jpg;jpeg;jpe</Extensions>
    </Filter>
  </ItemGroup>
  <ItemGroup>
    <ClCompile Include="..\..\Controller.cpp">
      <Filter>Source Files</Filter>
    </ClCompile>
    <ClCompile Include="..\..\test_Controller.cpp">
      <Filter>Source Files</Filter>
    </ClCompile>
    <ClCompile Include="..\..\common\EulerAngles.cpp">
      <Filter>Support Files</Filter>
    </ClCompile>
    <ClCompile Include="..\..\common\MotionProfiles.cpp">
      <Filter>Support Files</Filter>
    </ClCompile>
    <ClCompile Include="..\..\common\xxfuncs.cpp">
      <Filter>Support Files</Filter>
    </ClCompile>
    <ClCompile Include="..\..\common\xxinteg.cpp">
      <Filter>Support Files</Filter>
    </ClCompile>
    <ClCompile Include="..\..\common\xxinverse.cpp">
      <Filter>Support Files</Filter>
    </ClCompile>
    <ClCompile Include="..\..\common\xxmatrix.cpp">
      <Filter>Support Files</Filter>
    </ClCompile>
  </ItemGroup>
  <ItemGroup>
    <ClInclude Include="..\..\Controller.h">
      <Filter>Header Files</Filter>
    </ClInclude>
    <ClInclude Include="..\..\common\EulerAngles.h">
      <Filter>Support Files</Filter>
    </ClInclude>
    <ClInclude Include="..\..\common\MotionProfiles.h">
      <Filter>Support Files</Filter>
    </ClInclude>
    <ClInclude Include="..\..\common\xxfuncs.h">
      <Filter>Support Files</Filter>
    </ClInclude>
    <ClInclude Include="..\..\common\xxinteg.h">
      <Filter>Support Files</Filter>
    </ClInclude>
    <ClInclude Include="..\..\common\xxinverse.h">
      <Filter>Support Files</Filter>
    </ClInclude>
    <ClInclude Include="..\..\common\xxmatrix.h">
      <Filter>Support Files</Filter>
    </ClInclude>
    <ClInclude Include="..\..\common\xxmodel.h">
      <Filter>Support Files</Filter>
    </ClInclude>
    <ClInclude Include="..\..\common\xxtypes.h">
      <Filter>Support Files</Filter>
    </ClInclude>
  </ItemGroup>
</Project>
